# THIS IS AN AUTOGENERATED FILE. DO NOT EDIT THIS FILE DIRECTLY.
# yarn lockfile v1


"@tensorflow-models/blazeface@^0.0.7":
  version "0.0.7"
  resolved "https://registry.yarnpkg.com/@tensorflow-models/blazeface/-/blazeface-0.0.7.tgz#0a16499a0cc97fc87e11ae1f78140731c5f63bf2"
  integrity sha512-+hInPkvHJoubfiXlmNuF3SCucZvU6W1PMC25IV99NSAftJUpKvLokfF93iX8UkOFQCXkPFbnLKacGfGlbjgvMw==
